// !$*UTF8*$!
{
	archiveVersion = 1;
	classes = {
	};
	objectVersion = 50;
	objects = {

/* Begin PBXBuildFile section */
		C39BCB8625E078110047B110 /* AppDelegate.swift in Sources */ = {isa = PBXBuildFile; fileRef = C39BCB8525E078110047B110 /* AppDelegate.swift */; };
		C39BCB8825E078110047B110 /* SceneDelegate.swift in Sources */ = {isa = PBXBuildFile; fileRef = C39BCB8725E078110047B110 /* SceneDelegate.swift */; };
		C39BCB8A25E078110047B110 /* ViewController.swift in Sources */ = {isa = PBXBuildFile; fileRef = C39BCB8925E078110047B110 /* ViewController.swift */; };
		C39BCB8D25E078110047B110 /* Main.storyboard in Resources */ = {isa = PBXBuildFile; fileRef = C39BCB8B25E078110047B110 /* Main.storyboard */; };
		C39BCB8F25E078130047B110 /* Assets.xcassets in Resources */ = {isa = PBXBuildFile; fileRef = C39BCB8E25E078130047B110 /* Assets.xcassets */; };
		C39BCB9225E078130047B110 /* LaunchScreen.storyboard in Resources */ = {isa = PBXBuildFile; fileRef = C39BCB9025E078130047B110 /* LaunchScreen.storyboard */; };
		C39BCB9D25E078130047B110 /* TMDbTests.swift in Sources */ = {isa = PBXBuildFile; fileRef = C39BCB9C25E078130047B110 /* TMDbTests.swift */; };
		C39BCBA825E078130047B110 /* TMDbUITests.swift in Sources */ = {isa = PBXBuildFile; fileRef = C39BCBA725E078130047B110 /* TMDbUITests.swift */; };
/* End PBXBuildFile section */

/* Begin PBXContainerItemProxy section */
		C39BCB9925E078130047B110 /* PBXContainerItemProxy */ = {
			isa = PBXContainerItemProxy;
			containerPortal = C39BCB7A25E078110047B110 /* Project object */;
			proxyType = 1;
			remoteGlobalIDString = C39BCB8125E078110047B110;
			remoteInfo = TMDb;
		};
		C39BCBA425E078130047B110 /* PBXContainerItemProxy */ = {
			isa = PBXContainerItemProxy;
			containerPortal = C39BCB7A25E078110047B110 /* Project object */;
			proxyType = 1;
			remoteGlobalIDString = C39BCB8125E078110047B110;
			remoteInfo = TMDb;
		};
/* End PBXContainerItemProxy section */

/* Begin PBXFileReference section */
		C39BCB8225E078110047B110 /* TMDb.app */ = {isa = PBXFileReference; explicitFileType = wrapper.application; includeInIndex = 0; path = TMDb.app; sourceTree = BUILT_PRODUCTS_DIR; };
		C39BCB8525E078110047B110 /* AppDelegate.swift */ = {isa = PBXFileReference; lastKnownFileType = sourcecode.swift; path = AppDelegate.swift; sourceTree = "<group>"; };
		C39BCB8725E078110047B110 /* SceneDelegate.swift */ = {isa = PBXFileReference; lastKnownFileType = sourcecode.swift; path = SceneDelegate.swift; sourceTree = "<group>"; };
		C39BCB8925E078110047B110 /* ViewController.swift */ = {isa = PBXFileReference; lastKnownFileType = sourcecode.swift; path = ViewController.swift; sourceTree = "<group>"; };
		C39BCB8C25E078110047B110 /* Base */ = {isa = PBXFileReference; lastKnownFileType = file.storyboard; name = Base; path = Base.lproj/Main.storyboard; sourceTree = "<group>"; };
		C39BCB8E25E078130047B110 /* Assets.xcassets */ = {isa = PBXFileReference; lastKnownFileType = folder.assetcatalog; path = Assets.xcassets; sourceTree = "<group>"; };
		C39BCB9125E078130047B110 /* Base */ = {isa = PBXFileReference; lastKnownFileType = file.storyboard; name = Base; path = Base.lproj/LaunchScreen.storyboard; sourceTree = "<group>"; };
		C39BCB9325E078130047B110 /* Info.plist */ = {isa = PBXFileReference; lastKnownFileType = text.plist.xml; path = Info.plist; sourceTree = "<group>"; };
		C39BCB9825E078130047B110 /* TMDbTests.xctest */ = {isa = PBXFileReference; explicitFileType = wrapper.cfbundle; includeInIndex = 0; path = TMDbTests.xctest; sourceTree = BUILT_PRODUCTS_DIR; };
		C39BCB9C25E078130047B110 /* TMDbTests.swift */ = {isa = PBXFileReference; lastKnownFileType = sourcecode.swift; path = TMDbTests.swift; sourceTree = "<group>"; };
		C39BCB9E25E078130047B110 /* Info.plist */ = {isa = PBXFileReference; lastKnownFileType = text.plist.xml; path = Info.plist; sourceTree = "<group>"; };
		C39BCBA325E078130047B110 /* TMDbUITests.xctest */ = {isa = PBXFileReference; explicitFileType = wrapper.cfbundle; includeInIndex = 0; path = TMDbUITests.xctest; sourceTree = BUILT_PRODUCTS_DIR; };
		C39BCBA725E078130047B110 /* TMDbUITests.swift */ = {isa = PBXFileReference; lastKnownFileType = sourcecode.swift; path = TMDbUITests.swift; sourceTree = "<group>"; };
		C39BCBA925E078130047B110 /* Info.plist */ = {isa = PBXFileReference; lastKnownFileType = text.plist.xml; path = Info.plist; sourceTree = "<group>"; };
/* End PBXFileReference section */

/* Begin PBXFrameworksBuildPhase section */
		C39BCB7F25E078110047B110 /* Frameworks */ = {
			isa = PBXFrameworksBuildPhase;
			buildActionMask = 2147483647;
			files = (
			);
			runOnlyForDeploymentPostprocessing = 0;
		};
		C39BCB9525E078130047B110 /* Frameworks */ = {
			isa = PBXFrameworksBuildPhase;
			buildActionMask = 2147483647;
			files = (
			);
			runOnlyForDeploymentPostprocessing = 0;
		};
		C39BCBA025E078130047B110 /* Frameworks */ = {
			isa = PBXFrameworksBuildPhase;
			buildActionMask = 2147483647;
			files = (
			);
			runOnlyForDeploymentPostprocessing = 0;
		};
/* End PBXFrameworksBuildPhase section */

/* Begin PBXGroup section */
		C39BCB7925E078110047B110 = {
			isa = PBXGroup;
			children = (
				C39BCB8425E078110047B110 /* TMDb */,
				C39BCB9B25E078130047B110 /* TMDbTests */,
				C39BCBA625E078130047B110 /* TMDbUITests */,
				C39BCB8325E078110047B110 /* Products */,
			);
			sourceTree = "<group>";
		};
		C39BCB8325E078110047B110 /* Products */ = {
			isa = PBXGroup;
			children = (
				C39BCB8225E078110047B110 /* TMDb.app */,
				C39BCB9825E078130047B110 /* TMDbTests.xctest */,
				C39BCBA325E078130047B110 /* TMDbUITests.xctest */,
			);
			name = Products;
			sourceTree = "<group>";
		};
		C39BCB8425E078110047B110 /* TMDb */ = {
			isa = PBXGroup;
			children = (
				C39BCB8525E078110047B110 /* AppDelegate.swift */,
				C39BCB8725E078110047B110 /* SceneDelegate.swift */,
				C39BCB8925E078110047B110 /* ViewController.swift */,
				C39BCB8B25E078110047B110 /* Main.storyboard */,
				C39BCB8E25E078130047B110 /* Assets.xcassets */,
				C39BCB9025E078130047B110 /* LaunchScreen.storyboard */,
				C39BCB9325E078130047B110 /* Info.plist */,
			);
			path = TMDb;
			sourceTree = "<group>";
		};
		C39BCB9B25E078130047B110 /* TMDbTests */ = {
			isa = PBXGroup;
			children = (
				C39BCB9C25E078130047B110 /* TMDbTests.swift */,
				C39BCB9E25E078130047B110 /* Info.plist */,
			);
			path = TMDbTests;
			sourceTree = "<group>";
		};
		C39BCBA625E078130047B110 /* TMDbUITests */ = {
			isa = PBXGroup;
			children = (
				C39BCBA725E078130047B110 /* TMDbUITests.swift */,
				C39BCBA925E078130047B110 /* Info.plist */,
			);
			path = TMDbUITests;
			sourceTree = "<group>";
		};
/* End PBXGroup section */

/* Begin PBXNativeTarget section */
		C39BCB8125E078110047B110 /* TMDb */ = {
			isa = PBXNativeTarget;
			buildConfigurationList = C39BCBAC25E078130047B110 /* Build configuration list for PBXNativeTarget "TMDb" */;
			buildPhases = (
				C39BCB7E25E078110047B110 /* Sources */,
				C39BCB7F25E078110047B110 /* Frameworks */,
				C39BCB8025E078110047B110 /* Resources */,
			);
			buildRules = (
			);
			dependencies = (
			);
			name = TMDb;
			productName = TMDb;
			productReference = C39BCB8225E078110047B110 /* TMDb.app */;
			productType = "com.apple.product-type.application";
		};
		C39BCB9725E078130047B110 /* TMDbTests */ = {
			isa = PBXNativeTarget;
			buildConfigurationList = C39BCBAF25E078130047B110 /* Build configuration list for PBXNativeTarget "TMDbTests" */;
			buildPhases = (
				C39BCB9425E078130047B110 /* Sources */,
				C39BCB9525E078130047B110 /* Frameworks */,
				C39BCB9625E078130047B110 /* Resources */,
			);
			buildRules = (
			);
			dependencies = (
				C39BCB9A25E078130047B110 /* PBXTargetDependency */,
			);
			name = TMDbTests;
			productName = TMDbTests;
			productReference = C39BCB9825E078130047B110 /* TMDbTests.xctest */;
			productType = "com.apple.product-type.bundle.unit-test";
		};
		C39BCBA225E078130047B110 /* TMDbUITests */ = {
			isa = PBXNativeTarget;
			buildConfigurationList = C39BCBB225E078130047B110 /* Build configuration list for PBXNativeTarget "TMDbUITests" */;
			buildPhases = (
				C39BCB9F25E078130047B110 /* Sources */,
				C39BCBA025E078130047B110 /* Frameworks */,
				C39BCBA125E078130047B110 /* Resources */,
			);
			buildRules = (
			);
			dependencies = (
				C39BCBA525E078130047B110 /* PBXTargetDependency */,
			);
			name = TMDbUITests;
			productName = TMDbUITests;
			productReference = C39BCBA325E078130047B110 /* TMDbUITests.xctest */;
			productType = "com.apple.product-type.bundle.ui-testing";
		};
/* End PBXNativeTarget section */

/* Begin PBXProject section */
		C39BCB7A25E078110047B110 /* Project object */ = {
			isa = PBXProject;
			attributes = {
				LastSwiftUpdateCheck = 1240;
				LastUpgradeCheck = 1240;
				TargetAttributes = {
					C39BCB8125E078110047B110 = {
						CreatedOnToolsVersion = 12.4;
					};
					C39BCB9725E078130047B110 = {
						CreatedOnToolsVersion = 12.4;
						TestTargetID = C39BCB8125E078110047B110;
					};
					C39BCBA225E078130047B110 = {
						CreatedOnToolsVersion = 12.4;
						TestTargetID = C39BCB8125E078110047B110;
					};
				};
			};
			buildConfigurationList = C39BCB7D25E078110047B110 /* Build configuration list for PBXProject "TMDb" */;
			compatibilityVersion = "Xcode 9.3";
			developmentRegion = en;
			hasScannedForEncodings = 0;
			knownRegions = (
				en,
				Base,
			);
			mainGroup = C39BCB7925E078110047B110;
			productRefGroup = C39BCB8325E078110047B110 /* Products */;
			projectDirPath = "";
			projectRoot = "";
			targets = (
				C39BCB8125E078110047B110 /* TMDb */,
				C39BCB9725E078130047B110 /* TMDbTests */,
				C39BCBA225E078130047B110 /* TMDbUITests */,
			);
		};
/* End PBXProject section */

/* Begin PBXResourcesBuildPhase section */
		C39BCB8025E078110047B110 /* Resources */ = {
			isa = PBXResourcesBuildPhase;
			buildActionMask = 2147483647;
			files = (
				C39BCB9225E078130047B110 /* LaunchScreen.storyboard in Resources */,
				C39BCB8F25E078130047B110 /* Assets.xcassets in Resources */,
				C39BCB8D25E078110047B110 /* Main.storyboard in Resources */,
			);
			runOnlyForDeploymentPostprocessing = 0;
		};
		C39BCB9625E078130047B110 /* Resources */ = {
			isa = PBXResourcesBuildPhase;
			buildActionMask = 2147483647;
			files = (
			);
			runOnlyForDeploymentPostprocessing = 0;
		};
		C39BCBA125E078130047B110 /* Resources */ = {
			isa = PBXResourcesBuildPhase;
			buildActionMask = 2147483647;
			files = (
			);
			runOnlyForDeploymentPostprocessing = 0;
		};
/* End PBXResourcesBuildPhase section */

/* Begin PBXSourcesBuildPhase section */
		C39BCB7E25E078110047B110 /* Sources */ = {
			isa = PBXSourcesBuildPhase;
			buildActionMask = 2147483647;
			files = (
				C39BCB8A25E078110047B110 /* ViewController.swift in Sources */,
				C39BCB8625E078110047B110 /* AppDelegate.swift in Sources */,
				C39BCB8825E078110047B110 /* SceneDelegate.swift in Sources */,
			);
			runOnlyForDeploymentPostprocessing = 0;
		};
		C39BCB9425E078130047B110 /* Sources */ = {
			isa = PBXSourcesBuildPhase;
			buildActionMask = 2147483647;
			files = (
				C39BCB9D25E078130047B110 /* TMDbTests.swift in Sources */,
			);
			runOnlyForDeploymentPostprocessing = 0;
		};
		C39BCB9F25E078130047B110 /* Sources */ = {
			isa = PBXSourcesBuildPhase;
			buildActionMask = 2147483647;
			files = (
				C39BCBA825E078130047B110 /* TMDbUITests.swift in Sources */,
			);
			runOnlyForDeploymentPostprocessing = 0;
		};
/* End PBXSourcesBuildPhase section */

/* Begin PBXTargetDependency section */
		C39BCB9A25E078130047B110 /* PBXTargetDependency */ = {
			isa = PBXTargetDependency;
			target = C39BCB8125E078110047B110 /* TMDb */;
			targetProxy = C39BCB9925E078130047B110 /* PBXContainerItemProxy */;
		};
		C39BCBA525E078130047B110 /* PBXTargetDependency */ = {
			isa = PBXTargetDependency;
			target = C39BCB8125E078110047B110 /* TMDb */;
			targetProxy = C39BCBA425E078130047B110 /* PBXContainerItemProxy */;
		};
/* End PBXTargetDependency section */

/* Begin PBXVariantGroup section */
		C39BCB8B25E078110047B110 /* Main.storyboard */ = {
			isa = PBXVariantGroup;
			children = (
				C39BCB8C25E078110047B110 /* Base */,
			);
			name = Main.storyboard;
			sourceTree = "<group>";
		};
		C39BCB9025E078130047B110 /* LaunchScreen.storyboard */ = {
			isa = PBXVariantGroup;
			children = (
				C39BCB9125E078130047B110 /* Base */,
			);
			name = LaunchScreen.storyboard;
			sourceTree = "<group>";
		};
/* End PBXVariantGroup section */

/* Begin XCBuildConfiguration section */
		C39BCBAA25E078130047B110 /* Debug */ = {
			isa = XCBuildConfiguration;
			buildSettings = {
				ALWAYS_SEARCH_USER_PATHS = NO;
				CLANG_ANALYZER_NONNULL = YES;
				CLANG_ANALYZER_NUMBER_OBJECT_CONVERSION = YES_AGGRESSIVE;
				CLANG_CXX_LANGUAGE_STANDARD = "gnu++14";
				CLANG_CXX_LIBRARY = "libc++";
				CLANG_ENABLE_MODULES = YES;
				CLANG_ENABLE_OBJC_ARC = YES;
				CLANG_ENABLE_OBJC_WEAK = YES;
				CLANG_WARN_BLOCK_CAPTURE_AUTORELEASING = YES;
				CLANG_WARN_BOOL_CONVERSION = YES;
				CLANG_WARN_COMMA = YES;
				CLANG_WARN_CONSTANT_CONVERSION = YES;
				CLANG_WARN_DEPRECATED_OBJC_IMPLEMENTATIONS = YES;
				CLANG_WARN_DIRECT_OBJC_ISA_USAGE = YES_ERROR;
				CLANG_WARN_DOCUMENTATION_COMMENTS = YES;
				CLANG_WARN_EMPTY_BODY = YES;
				CLANG_WARN_ENUM_CONVERSION = YES;
				CLANG_WARN_INFINITE_RECURSION = YES;
				CLANG_WARN_INT_CONVERSION = YES;
				CLANG_WARN_NON_LITERAL_NULL_CONVERSION = YES;
				CLANG_WARN_OBJC_IMPLICIT_RETAIN_SELF = YES;
				CLANG_WARN_OBJC_LITERAL_CONVERSION = YES;
				CLANG_WARN_OBJC_ROOT_CLASS = YES_ERROR;
				CLANG_WARN_QUOTED_INCLUDE_IN_FRAMEWORK_HEADER = YES;
				CLANG_WARN_RANGE_LOOP_ANALYSIS = YES;
				CLANG_WARN_STRICT_PROTOTYPES = YES;
				CLANG_WARN_SUSPICIOUS_MOVE = YES;
				CLANG_WARN_UNGUARDED_AVAILABILITY = YES_AGGRESSIVE;
				CLANG_WARN_UNREACHABLE_CODE = YES;
				CLANG_WARN__DUPLICATE_METHOD_MATCH = YES;
				COPY_PHASE_STRIP = NO;
				DEBUG_INFORMATION_FORMAT = dwarf;
				ENABLE_STRICT_OBJC_MSGSEND = YES;
				ENABLE_TESTABILITY = YES;
				GCC_C_LANGUAGE_STANDARD = gnu11;
				GCC_DYNAMIC_NO_PIC = NO;
				GCC_NO_COMMON_BLOCKS = YES;
				GCC_OPTIMIZATION_LEVEL = 0;
				GCC_PREPROCESSOR_DEFINITIONS = (
					"DEBUG=1",
					"$(inherited)",
				);
				GCC_WARN_64_TO_32_BIT_CONVERSION = YES;
				GCC_WARN_ABOUT_RETURN_TYPE = YES_ERROR;
				GCC_WARN_UNDECLARED_SELECTOR = YES;
				GCC_WARN_UNINITIALIZED_AUTOS = YES_AGGRESSIVE;
				GCC_WARN_UNUSED_FUNCTION = YES;
				GCC_WARN_UNUSED_VARIABLE = YES;
				IPHONEOS_DEPLOYMENT_TARGET = 14.4;
				MTL_ENABLE_DEBUG_INFO = INCLUDE_SOURCE;
				MTL_FAST_MATH = YES;
				ONLY_ACTIVE_ARCH = YES;
				SDKROOT = iphoneos;
				SWIFT_ACTIVE_COMPILATION_CONDITIONS = DEBUG;
				SWIFT_OPTIMIZATION_LEVEL = "-Onone";
			};
			name = Debug;
		};
		C39BCBAB25E078130047B110 /* Release */ = {
			isa = XCBuildConfiguration;
			buildSettings = {
				ALWAYS_SEARCH_USER_PATHS = NO;
				CLANG_ANALYZER_NONNULL = YES;
				CLANG_ANALYZER_NUMBER_OBJECT_CONVERSION = YES_AGGRESSIVE;
				CLANG_CXX_LANGUAGE_STANDARD = "gnu++14";
				CLANG_CXX_LIBRARY = "libc++";
				CLANG_ENABLE_MODULES = YES;
				CLANG_ENABLE_OBJC_ARC = YES;
				CLANG_ENABLE_OBJC_WEAK = YES;
				CLANG_WARN_BLOCK_CAPTURE_AUTORELEASING = YES;
				CLANG_WARN_BOOL_CONVERSION = YES;
				CLANG_WARN_COMMA = YES;
				CLANG_WARN_CONSTANT_CONVERSION = YES;
				CLANG_WARN_DEPRECATED_OBJC_IMPLEMENTATIONS = YES;
				CLANG_WARN_DIRECT_OBJC_ISA_USAGE = YES_ERROR;
				CLANG_WARN_DOCUMENTATION_COMMENTS = YES;
				CLANG_WARN_EMPTY_BODY = YES;
				CLANG_WARN_ENUM_CONVERSION = YES;
				CLANG_WARN_INFINITE_RECURSION = YES;
				CLANG_WARN_INT_CONVERSION = YES;
				CLANG_WARN_NON_LITERAL_NULL_CONVERSION = YES;
				CLANG_WARN_OBJC_IMPLICIT_RETAIN_SELF = YES;
				CLANG_WARN_OBJC_LITERAL_CONVERSION = YES;
				CLANG_WARN_OBJC_ROOT_CLASS = YES_ERROR;
				CLANG_WARN_QUOTED_INCLUDE_IN_FRAMEWORK_HEADER = YES;
				CLANG_WARN_RANGE_LOOP_ANALYSIS = YES;
				CLANG_WARN_STRICT_PROTOTYPES = YES;
				CLANG_WARN_SUSPICIOUS_MOVE = YES;
				CLANG_WARN_UNGUARDED_AVAILABILITY = YES_AGGRESSIVE;
				CLANG_WARN_UNREACHABLE_CODE = YES;
				CLANG_WARN__DUPLICATE_METHOD_MATCH = YES;
				COPY_PHASE_STRIP = NO;
				DEBUG_INFORMATION_FORMAT = "dwarf-with-dsym";
				ENABLE_NS_ASSERTIONS = NO;
				ENABLE_STRICT_OBJC_MSGSEND = YES;
				GCC_C_LANGUAGE_STANDARD = gnu11;
				GCC_NO_COMMON_BLOCKS = YES;
				GCC_WARN_64_TO_32_BIT_CONVERSION = YES;
				GCC_WARN_ABOUT_RETURN_TYPE = YES_ERROR;
				GCC_WARN_UNDECLARED_SELECTOR = YES;
				GCC_WARN_UNINITIALIZED_AUTOS = YES_AGGRESSIVE;
				GCC_WARN_UNUSED_FUNCTION = YES;
				GCC_WARN_UNUSED_VARIABLE = YES;
				IPHONEOS_DEPLOYMENT_TARGET = 14.4;
				MTL_ENABLE_DEBUG_INFO = NO;
				MTL_FAST_MATH = YES;
				SDKROOT = iphoneos;
				SWIFT_COMPILATION_MODE = wholemodule;
				SWIFT_OPTIMIZATION_LEVEL = "-O";
				VALIDATE_PRODUCT = YES;
			};
			name = Release;
		};
		C39BCBAD25E078130047B110 /* Debug */ = {
			isa = XCBuildConfiguration;
			buildSettings = {
				ASSETCATALOG_COMPILER_APPICON_NAME = AppIcon;
				ASSETCATALOG_COMPILER_GLOBAL_ACCENT_COLOR_NAME = AccentColor;
				CODE_SIGN_STYLE = Automatic;
				INFOPLIST_FILE = TMDb/Info.plist;
				LD_RUNPATH_SEARCH_PATHS = (
					"$(inherited)",
					"@executable_path/Frameworks",
				);
				PRODUCT_BUNDLE_IDENTIFIER = co.truecoach.TMDb;
				PRODUCT_NAME = "$(TARGET_NAME)";
				SWIFT_VERSION = 5.0;
				TARGETED_DEVICE_FAMILY = "1,2";
			};
			name = Debug;
		};
		C39BCBAE25E078130047B110 /* Release */ = {
			isa = XCBuildConfiguration;
			buildSettings = {
				ASSETCATALOG_COMPILER_APPICON_NAME = AppIcon;
				ASSETCATALOG_COMPILER_GLOBAL_ACCENT_COLOR_NAME = AccentColor;
				CODE_SIGN_STYLE = Automatic;
				INFOPLIST_FILE = TMDb/Info.plist;
				LD_RUNPATH_SEARCH_PATHS = (
					"$(inherited)",
					"@executable_path/Frameworks",
				);
				PRODUCT_BUNDLE_IDENTIFIER = co.truecoach.TMDb;
				PRODUCT_NAME = "$(TARGET_NAME)";
				SWIFT_VERSION = 5.0;
				TARGETED_DEVICE_FAMILY = "1,2";
			};
			name = Release;
		};
		C39BCBB025E078130047B110 /* Debug */ = {
			isa = XCBuildConfiguration;
			buildSettings = {
				ALWAYS_EMBED_SWIFT_STANDARD_LIBRARIES = YES;
				BUNDLE_LOADER = "$(TEST_HOST)";
				CODE_SIGN_STYLE = Automatic;
				INFOPLIST_FILE = TMDbTests/Info.plist;
				IPHONEOS_DEPLOYMENT_TARGET = 14.4;
				LD_RUNPATH_SEARCH_PATHS = (
					"$(inherited)",
					"@executable_path/Frameworks",
					"@loader_path/Frameworks",
				);
				PRODUCT_BUNDLE_IDENTIFIER = co.truecoach.TMDbTests;
				PRODUCT_NAME = "$(TARGET_NAME)";
				SWIFT_VERSION = 5.0;
				TARGETED_DEVICE_FAMILY = "1,2";
				TEST_HOST = "$(BUILT_PRODUCTS_DIR)/TMDb.app/TMDb";
			};
			name = Debug;
		};
		C39BCBB125E078130047B110 /* Release */ = {
			isa = XCBuildConfiguration;
			buildSettings = {
				ALWAYS_EMBED_SWIFT_STANDARD_LIBRARIES = YES;
				BUNDLE_LOADER = "$(TEST_HOST)";
				CODE_SIGN_STYLE = Automatic;
				INFOPLIST_FILE = TMDbTests/Info.plist;
				IPHONEOS_DEPLOYMENT_TARGET = 14.4;
				LD_RUNPATH_SEARCH_PATHS = (
					"$(inherited)",
					"@executable_path/Frameworks",
					"@loader_path/Frameworks",
				);
				PRODUCT_BUNDLE_IDENTIFIER = co.truecoach.TMDbTests;
				PRODUCT_NAME = "$(TARGET_NAME)";
				SWIFT_VERSION = 5.0;
				TARGETED_DEVICE_FAMILY = "1,2";
				TEST_HOST = "$(BUILT_PRODUCTS_DIR)/TMDb.app/TMDb";
			};
			name = Release;
		};
		C39BCBB325E078130047B110 /* Debug */ = {
			isa = XCBuildConfiguration;
			buildSettings = {
				ALWAYS_EMBED_SWIFT_STANDARD_LIBRARIES = YES;
				CODE_SIGN_STYLE = Automatic;
				INFOPLIST_FILE = TMDbUITests/Info.plist;
				LD_RUNPATH_SEARCH_PATHS = (
					"$(inherited)",
					"@executable_path/Frameworks",
					"@loader_path/Frameworks",
				);
				PRODUCT_BUNDLE_IDENTIFIER = co.truecoach.TMDbUITests;
				PRODUCT_NAME = "$(TARGET_NAME)";
				SWIFT_VERSION = 5.0;
				TARGETED_DEVICE_FAMILY = "1,2";
				TEST_TARGET_NAME = TMDb;
			};
			name = Debug;
		};
		C39BCBB425E078130047B110 /* Release */ = {
			isa = XCBuildConfiguration;
			buildSettings = {
				ALWAYS_EMBED_SWIFT_STANDARD_LIBRARIES = YES;
				CODE_SIGN_STYLE = Automatic;
				INFOPLIST_FILE = TMDbUITests/Info.plist;
				LD_RUNPATH_SEARCH_PATHS = (
					"$(inherited)",
					"@executable_path/Frameworks",
					"@loader_path/Frameworks",
				);
				PRODUCT_BUNDLE_IDENTIFIER = co.truecoach.TMDbUITests;
				PRODUCT_NAME = "$(TARGET_NAME)";
				SWIFT_VERSION = 5.0;
				TARGETED_DEVICE_FAMILY = "1,2";
				TEST_TARGET_NAME = TMDb;
			};
			name = Release;
		};
/* End XCBuildConfiguration section */

/* Begin XCConfigurationList section */
		C39BCB7D25E078110047B110 /* Build configuration list for PBXProject "TMDb" */ = {
			isa = XCConfigurationList;
			buildConfigurations = (
				C39BCBAA25E078130047B110 /* Debug */,
				C39BCBAB25E078130047B110 /* Release */,
			);
			defaultConfigurationIsVisible = 0;
			defaultConfigurationName = Release;
		};
		C39BCBAC25E078130047B110 /* Build configuration list for PBXNativeTarget "TMDb" */ = {
			isa = XCConfigurationList;
			buildConfigurations = (
				C39BCBAD25E078130047B110 /* Debug */,
				C39BCBAE25E078130047B110 /* Release */,
			);
			defaultConfigurationIsVisible = 0;
			defaultConfigurationName = Release;
		};
		C39BCBAF25E078130047B110 /* Build configuration list for PBXNativeTarget "TMDbTests" */ = {
			isa = XCConfigurationList;
			buildConfigurations = (
				C39BCBB025E078130047B110 /* Debug */,
				C39BCBB125E078130047B110 /* Release */,
			);
			defaultConfigurationIsVisible = 0;
			defaultConfigurationName = Release;
		};
		C39BCBB225E078130047B110 /* Build configuration list for PBXNativeTarget "TMDbUITests" */ = {
			isa = XCConfigurationList;
			buildConfigurations = (
				C39BCBB325E078130047B110 /* Debug */,
				C39BCBB425E078130047B110 /* Release */,
			);
			defaultConfigurationIsVisible = 0;
			defaultConfigurationName = Release;
		};
/* End XCConfigurationList section */
	};
	rootObject = C39BCB7A25E078110047B110 /* Project object */;
}
